
Microsoft Visual Studio Solution File, Format Version 12.00
# Visual Studio Version 16
VisualStudioVersion = 16.0.29709.97
MinimumVisualStudioVersion = 10.0.40219.1
Project("{FAE04EC0-301F-11D3-BF4B-00C04F79EFBC}") = "ImpresionRecibosAptiv", "ImpresionRecibosAptiv\ImpresionRecibosAptiv.csproj", "{A6EFAB73-6137-4BBF-A789-2E228B74F9A6}"
EndProject
Global
	GlobalSection(SolutionConfigurationPlatforms) = preSolution
		Debug|Any CPU = Debug|Any CPU
		Release|Any CPU = Release|Any CPU
	EndGlobalSection
	GlobalSection(ProjectConfigurationPlatforms) = postSolution
		{A6EFAB73-6137-4BBF-A789-2E228B74F9A6}.Debug|Any CPU.ActiveCfg = Debug|Any CPU
		{A6EFAB73-6137-4BBF-A789-2E228B74F9A6}.Debug|Any CPU.Build.0 = Debug|Any CPU
		{A6EFAB73-6137-4BBF-A789-2E228B74F9A6}.Release|Any CPU.ActiveCfg = Release|Any CPU
		{A6EFAB73-6137-4BBF-A789-2E228B74F9A6}.Release|Any CPU.Build.0 = Release|Any CPU
	EndGlobalSection
	GlobalSection(SolutionProperties) = preSolution
		HideSolutionNode = FALSE
	EndGlobalSection
	GlobalSection(ExtensibilityGlobals) = postSolution
		SolutionGuid = {A35AA38B-2FEE-4DF0-9A2F-49D9184A0F0A}
	EndGlobalSection
EndGlobal
